
Microsoft Visual Studio Solution File, Format Version 12.00
# Visual Studio Version 17
VisualStudioVersion = 17.10.34814.14
MinimumVisualStudioVersion = 10.0.40219.1
Project("{9A19103F-16F7-4668-BE54-9A1E7A4F7556}") = "Project", "Project.csproj", "{0CC34B91-13DA-48E1-9951-5BFA2F2D0FE3}"
EndProject
Global
	GlobalSection(SolutionConfigurationPlatforms) = preSolution
		Debug|Any CPU = Debug|Any CPU
		Release|Any CPU = Release|Any CPU
	EndGlobalSection
	GlobalSection(ProjectConfigurationPlatforms) = postSolution
		{0CC34B91-13DA-48E1-9951-5BFA2F2D0FE3}.Debug|Any CPU.ActiveCfg = Debug|Any CPU
		{0CC34B91-13DA-48E1-9951-5BFA2F2D0FE3}.Debug|Any CPU.Build.0 = Debug|Any CPU
		{0CC34B91-13DA-48E1-9951-5BFA2F2D0FE3}.Release|Any CPU.ActiveCfg = Release|Any CPU
		{0CC34B91-13DA-48E1-9951-5BFA2F2D0FE3}.Release|Any CPU.Build.0 = Release|Any CPU
	EndGlobalSection
	GlobalSection(SolutionProperties) = preSolution
		HideSolutionNode = FALSE
	EndGlobalSection
	GlobalSection(ExtensibilityGlobals) = postSolution
		SolutionGuid = {5D0E5F20-6873-47EE-998A-31E9EA65F4E4}
	EndGlobalSection
EndGlobal
